// !$*UTF8*$!
{
	archiveVersion = 1;
	classes = {
	};
	objectVersion = 50;
	objects = {

/* Begin PBXBuildFile section */
		081293B4265E04E600246008 /* SimpleOver.swift in Sources */ = {isa = PBXBuildFile; fileRef = 081293B3265E04E600246008 /* SimpleOver.swift */; };
		081293B5265E04E600246008 /* SimpleOver.swift in Sources */ = {isa = PBXBuildFile; fileRef = 081293B3265E04E600246008 /* SimpleOver.swift */; };
		081293B6265E04E600246008 /* SimpleOver.swift in Sources */ = {isa = PBXBuildFile; fileRef = 081293B3265E04E600246008 /* SimpleOver.swift */; };
		08F548BA265CBA40007BB4C9 /* AppDelegate.swift in Sources */ = {isa = PBXBuildFile; fileRef = 08F548B9265CBA40007BB4C9 /* AppDelegate.swift */; };
		08F548BC265CBA40007BB4C9 /* SceneDelegate.swift in Sources */ = {isa = PBXBuildFile; fileRef = 08F548BB265CBA40007BB4C9 /* SceneDelegate.swift */; };
		08F548BE265CBA40007BB4C9 /* HomeViewController.swift in Sources */ = {isa = PBXBuildFile; fileRef = 08F548BD265CBA40007BB4C9 /* HomeViewController.swift */; };
		08F548C1265CBA40007BB4C9 /* Main.storyboard in Resources */ = {isa = PBXBuildFile; fileRef = 08F548BF265CBA40007BB4C9 /* Main.storyboard */; };
		08F548C3265CBA47007BB4C9 /* Assets.xcassets in Resources */ = {isa = PBXBuildFile; fileRef = 08F548C2265CBA47007BB4C9 /* Assets.xcassets */; };
		08F548C6265CBA47007BB4C9 /* LaunchScreen.storyboard in Resources */ = {isa = PBXBuildFile; fileRef = 08F548C4265CBA47007BB4C9 /* LaunchScreen.storyboard */; };
		08F548D1265CBA48007BB4C9 /* VideoApp_MVVMTests.swift in Sources */ = {isa = PBXBuildFile; fileRef = 08F548D0265CBA48007BB4C9 /* VideoApp_MVVMTests.swift */; };
		08F548DC265CBA48007BB4C9 /* VideoApp_MVVMUITests.swift in Sources */ = {isa = PBXBuildFile; fileRef = 08F548DB265CBA48007BB4C9 /* VideoApp_MVVMUITests.swift */; };
		08F548F8265CBC2D007BB4C9 /* assignment.json in Resources */ = {isa = PBXBuildFile; fileRef = 08F548F7265CBC2D007BB4C9 /* assignment.json */; };
		08F548F9265CBC2D007BB4C9 /* assignment.json in Resources */ = {isa = PBXBuildFile; fileRef = 08F548F7265CBC2D007BB4C9 /* assignment.json */; };
		08F548FA265CBC2D007BB4C9 /* assignment.json in Resources */ = {isa = PBXBuildFile; fileRef = 08F548F7265CBC2D007BB4C9 /* assignment.json */; };
		08F54902265CBD1C007BB4C9 /* HomeDataModels.swift in Sources */ = {isa = PBXBuildFile; fileRef = 08F54901265CBD1C007BB4C9 /* HomeDataModels.swift */; };
		08F54903265CBD1C007BB4C9 /* HomeDataModels.swift in Sources */ = {isa = PBXBuildFile; fileRef = 08F54901265CBD1C007BB4C9 /* HomeDataModels.swift */; };
		08F54904265CBD1C007BB4C9 /* HomeDataModels.swift in Sources */ = {isa = PBXBuildFile; fileRef = 08F54901265CBD1C007BB4C9 /* HomeDataModels.swift */; };
		08F5490C265CBDB7007BB4C9 /* HomeViewModel.swift in Sources */ = {isa = PBXBuildFile; fileRef = 08F5490B265CBDB7007BB4C9 /* HomeViewModel.swift */; };
		08F5490D265CBDB7007BB4C9 /* HomeViewModel.swift in Sources */ = {isa = PBXBuildFile; fileRef = 08F5490B265CBDB7007BB4C9 /* HomeViewModel.swift */; };
		08F5490E265CBDB7007BB4C9 /* HomeViewModel.swift in Sources */ = {isa = PBXBuildFile; fileRef = 08F5490B265CBDB7007BB4C9 /* HomeViewModel.swift */; };
		08F5492A265CBEEE007BB4C9 /* CategoryTableViewCell.swift in Sources */ = {isa = PBXBuildFile; fileRef = 08F54928265CBEEE007BB4C9 /* CategoryTableViewCell.swift */; };
		08F5492B265CBEEE007BB4C9 /* CategoryTableViewCell.swift in Sources */ = {isa = PBXBuildFile; fileRef = 08F54928265CBEEE007BB4C9 /* CategoryTableViewCell.swift */; };
		08F5492C265CBEEE007BB4C9 /* CategoryTableViewCell.swift in Sources */ = {isa = PBXBuildFile; fileRef = 08F54928265CBEEE007BB4C9 /* CategoryTableViewCell.swift */; };
		08F5492D265CBEEE007BB4C9 /* CategoryTableViewCell.xib in Resources */ = {isa = PBXBuildFile; fileRef = 08F54929265CBEEE007BB4C9 /* CategoryTableViewCell.xib */; };
		08F5492E265CBEEE007BB4C9 /* CategoryTableViewCell.xib in Resources */ = {isa = PBXBuildFile; fileRef = 08F54929265CBEEE007BB4C9 /* CategoryTableViewCell.xib */; };
		08F5492F265CBEEE007BB4C9 /* CategoryTableViewCell.xib in Resources */ = {isa = PBXBuildFile; fileRef = 08F54929265CBEEE007BB4C9 /* CategoryTableViewCell.xib */; };
		08F54935265CC056007BB4C9 /* VideoCollectionViewCell.swift in Sources */ = {isa = PBXBuildFile; fileRef = 08F54933265CC056007BB4C9 /* VideoCollectionViewCell.swift */; };
		08F54936265CC056007BB4C9 /* VideoCollectionViewCell.swift in Sources */ = {isa = PBXBuildFile; fileRef = 08F54933265CC056007BB4C9 /* VideoCollectionViewCell.swift */; };
		08F54937265CC056007BB4C9 /* VideoCollectionViewCell.swift in Sources */ = {isa = PBXBuildFile; fileRef = 08F54933265CC056007BB4C9 /* VideoCollectionViewCell.swift */; };
		08F54938265CC056007BB4C9 /* VideoCollectionViewCell.xib in Resources */ = {isa = PBXBuildFile; fileRef = 08F54934265CC056007BB4C9 /* VideoCollectionViewCell.xib */; };
		08F54939265CC056007BB4C9 /* VideoCollectionViewCell.xib in Resources */ = {isa = PBXBuildFile; fileRef = 08F54934265CC056007BB4C9 /* VideoCollectionViewCell.xib */; };
		08F5493A265CC056007BB4C9 /* VideoCollectionViewCell.xib in Resources */ = {isa = PBXBuildFile; fileRef = 08F54934265CC056007BB4C9 /* VideoCollectionViewCell.xib */; };
		08F5493F265CC08F007BB4C9 /* VideoImageView.swift in Sources */ = {isa = PBXBuildFile; fileRef = 08F5493E265CC08F007BB4C9 /* VideoImageView.swift */; };
		08F54940265CC08F007BB4C9 /* VideoImageView.swift in Sources */ = {isa = PBXBuildFile; fileRef = 08F5493E265CC08F007BB4C9 /* VideoImageView.swift */; };
		08F54941265CC08F007BB4C9 /* VideoImageView.swift in Sources */ = {isa = PBXBuildFile; fileRef = 08F5493E265CC08F007BB4C9 /* VideoImageView.swift */; };
		08F54946265CC0CA007BB4C9 /* BaseNavigationController.swift in Sources */ = {isa = PBXBuildFile; fileRef = 08F54945265CC0CA007BB4C9 /* BaseNavigationController.swift */; };
		08F54947265CC0CA007BB4C9 /* BaseNavigationController.swift in Sources */ = {isa = PBXBuildFile; fileRef = 08F54945265CC0CA007BB4C9 /* BaseNavigationController.swift */; };
		08F54948265CC0CA007BB4C9 /* BaseNavigationController.swift in Sources */ = {isa = PBXBuildFile; fileRef = 08F54945265CC0CA007BB4C9 /* BaseNavigationController.swift */; };
		08F54950265CC343007BB4C9 /* TableCellViewModel.swift in Sources */ = {isa = PBXBuildFile; fileRef = 08F5494F265CC343007BB4C9 /* TableCellViewModel.swift */; };
		08F54951265CC343007BB4C9 /* TableCellViewModel.swift in Sources */ = {isa = PBXBuildFile; fileRef = 08F5494F265CC343007BB4C9 /* TableCellViewModel.swift */; };
		08F54952265CC343007BB4C9 /* TableCellViewModel.swift in Sources */ = {isa = PBXBuildFile; fileRef = 08F5494F265CC343007BB4C9 /* TableCellViewModel.swift */; };
		08F54957265CC9A5007BB4C9 /* CollectionCellViewModel.swift in Sources */ = {isa = PBXBuildFile; fileRef = 08F54956265CC9A5007BB4C9 /* CollectionCellViewModel.swift */; };
		08F54958265CC9A5007BB4C9 /* CollectionCellViewModel.swift in Sources */ = {isa = PBXBuildFile; fileRef = 08F54956265CC9A5007BB4C9 /* CollectionCellViewModel.swift */; };
		08F54959265CC9A5007BB4C9 /* CollectionCellViewModel.swift in Sources */ = {isa = PBXBuildFile; fileRef = 08F54956265CC9A5007BB4C9 /* CollectionCellViewModel.swift */; };
		08F54965265CDA01007BB4C9 /* PlayerViewController.swift in Sources */ = {isa = PBXBuildFile; fileRef = 08F54964265CDA01007BB4C9 /* PlayerViewController.swift */; };
		08F54966265CDA01007BB4C9 /* PlayerViewController.swift in Sources */ = {isa = PBXBuildFile; fileRef = 08F54964265CDA01007BB4C9 /* PlayerViewController.swift */; };
		08F54967265CDA01007BB4C9 /* PlayerViewController.swift in Sources */ = {isa = PBXBuildFile; fileRef = 08F54964265CDA01007BB4C9 /* PlayerViewController.swift */; };
		08F5496F265CDA2F007BB4C9 /* PlayerModel.swift in Sources */ = {isa = PBXBuildFile; fileRef = 08F5496E265CDA2F007BB4C9 /* PlayerModel.swift */; };
		08F54970265CDA2F007BB4C9 /* PlayerModel.swift in Sources */ = {isa = PBXBuildFile; fileRef = 08F5496E265CDA2F007BB4C9 /* PlayerModel.swift */; };
		08F54971265CDA2F007BB4C9 /* PlayerModel.swift in Sources */ = {isa = PBXBuildFile; fileRef = 08F5496E265CDA2F007BB4C9 /* PlayerModel.swift */; };
		08F54976265CDA3F007BB4C9 /* PlayerViewModel.swift in Sources */ = {isa = PBXBuildFile; fileRef = 08F54975265CDA3F007BB4C9 /* PlayerViewModel.swift */; };
		08F54977265CDA3F007BB4C9 /* PlayerViewModel.swift in Sources */ = {isa = PBXBuildFile; fileRef = 08F54975265CDA3F007BB4C9 /* PlayerViewModel.swift */; };
		08F54978265CDA3F007BB4C9 /* PlayerViewModel.swift in Sources */ = {isa = PBXBuildFile; fileRef = 08F54975265CDA3F007BB4C9 /* PlayerViewModel.swift */; };
/* End PBXBuildFile section */

/* Begin PBXContainerItemProxy section */
		08F548CD265CBA48007BB4C9 /* PBXContainerItemProxy */ = {
			isa = PBXContainerItemProxy;
			containerPortal = 08F548AE265CBA3F007BB4C9 /* Project object */;
			proxyType = 1;
			remoteGlobalIDString = 08F548B5265CBA3F007BB4C9;
			remoteInfo = "VideoApp-MVVM";
		};
		08F548D8265CBA48007BB4C9 /* PBXContainerItemProxy */ = {
			isa = PBXContainerItemProxy;
			containerPortal = 08F548AE265CBA3F007BB4C9 /* Project object */;
			proxyType = 1;
			remoteGlobalIDString = 08F548B5265CBA3F007BB4C9;
			remoteInfo = "VideoApp-MVVM";
		};
/* End PBXContainerItemProxy section */

/* Begin PBXFileReference section */
		081293B3265E04E600246008 /* SimpleOver.swift */ = {isa = PBXFileReference; fileEncoding = 4; lastKnownFileType = sourcecode.swift; path = SimpleOver.swift; sourceTree = "<group>"; };
		08F548B6265CBA3F007BB4C9 /* VideoApp-MVVM.app */ = {isa = PBXFileReference; explicitFileType = wrapper.application; includeInIndex = 0; path = "VideoApp-MVVM.app"; sourceTree = BUILT_PRODUCTS_DIR; };
		08F548B9265CBA40007BB4C9 /* AppDelegate.swift */ = {isa = PBXFileReference; lastKnownFileType = sourcecode.swift; path = AppDelegate.swift; sourceTree = "<group>"; };
		08F548BB265CBA40007BB4C9 /* SceneDelegate.swift */ = {isa = PBXFileReference; lastKnownFileType = sourcecode.swift; path = SceneDelegate.swift; sourceTree = "<group>"; };
		08F548BD265CBA40007BB4C9 /* HomeViewController.swift */ = {isa = PBXFileReference; lastKnownFileType = sourcecode.swift; path = HomeViewController.swift; sourceTree = "<group>"; };
		08F548C0265CBA40007BB4C9 /* Base */ = {isa = PBXFileReference; lastKnownFileType = file.storyboard; name = Base; path = Base.lproj/Main.storyboard; sourceTree = "<group>"; };
		08F548C2265CBA47007BB4C9 /* Assets.xcassets */ = {isa = PBXFileReference; lastKnownFileType = folder.assetcatalog; path = Assets.xcassets; sourceTree = "<group>"; };
		08F548C5265CBA47007BB4C9 /* Base */ = {isa = PBXFileReference; lastKnownFileType = file.storyboard; name = Base; path = Base.lproj/LaunchScreen.storyboard; sourceTree = "<group>"; };
		08F548C7265CBA47007BB4C9 /* Info.plist */ = {isa = PBXFileReference; lastKnownFileType = text.plist.xml; path = Info.plist; sourceTree = "<group>"; };
		08F548CC265CBA48007BB4C9 /* VideoApp-MVVMTests.xctest */ = {isa = PBXFileReference; explicitFileType = wrapper.cfbundle; includeInIndex = 0; path = "VideoApp-MVVMTests.xctest"; sourceTree = BUILT_PRODUCTS_DIR; };
		08F548D0265CBA48007BB4C9 /* VideoApp_MVVMTests.swift */ = {isa = PBXFileReference; lastKnownFileType = sourcecode.swift; path = VideoApp_MVVMTests.swift; sourceTree = "<group>"; };
		08F548D2265CBA48007BB4C9 /* Info.plist */ = {isa = PBXFileReference; lastKnownFileType = text.plist.xml; path = Info.plist; sourceTree = "<group>"; };
		08F548D7265CBA48007BB4C9 /* VideoApp-MVVMUITests.xctest */ = {isa = PBXFileReference; explicitFileType = wrapper.cfbundle; includeInIndex = 0; path = "VideoApp-MVVMUITests.xctest"; sourceTree = BUILT_PRODUCTS_DIR; };
		08F548DB265CBA48007BB4C9 /* VideoApp_MVVMUITests.swift */ = {isa = PBXFileReference; lastKnownFileType = sourcecode.swift; path = VideoApp_MVVMUITests.swift; sourceTree = "<group>"; };
		08F548DD265CBA48007BB4C9 /* Info.plist */ = {isa = PBXFileReference; lastKnownFileType = text.plist.xml; path = Info.plist; sourceTree = "<group>"; };
		08F548F7265CBC2D007BB4C9 /* assignment.json */ = {isa = PBXFileReference; fileEncoding = 4; lastKnownFileType = text.json; path = assignment.json; sourceTree = "<group>"; };
		08F54901265CBD1C007BB4C9 /* HomeDataModels.swift */ = {isa = PBXFileReference; lastKnownFileType = sourcecode.swift; path = HomeDataModels.swift; sourceTree = "<group>"; };
		08F5490B265CBDB7007BB4C9 /* HomeViewModel.swift */ = {isa = PBXFileReference; lastKnownFileType = sourcecode.swift; path = HomeViewModel.swift; sourceTree = "<group>"; };
		08F54928265CBEEE007BB4C9 /* CategoryTableViewCell.swift */ = {isa = PBXFileReference; lastKnownFileType = sourcecode.swift; path = CategoryTableViewCell.swift; sourceTree = "<group>"; };
		08F54929265CBEEE007BB4C9 /* CategoryTableViewCell.xib */ = {isa = PBXFileReference; lastKnownFileType = file.xib; path = CategoryTableViewCell.xib; sourceTree = "<group>"; };
		08F54933265CC056007BB4C9 /* VideoCollectionViewCell.swift */ = {isa = PBXFileReference; lastKnownFileType = sourcecode.swift; path = VideoCollectionViewCell.swift; sourceTree = "<group>"; };
		08F54934265CC056007BB4C9 /* VideoCollectionViewCell.xib */ = {isa = PBXFileReference; lastKnownFileType = file.xib; path = VideoCollectionViewCell.xib; sourceTree = "<group>"; };
		08F5493E265CC08F007BB4C9 /* VideoImageView.swift */ = {isa = PBXFileReference; lastKnownFileType = sourcecode.swift; path = VideoImageView.swift; sourceTree = "<group>"; };
		08F54945265CC0CA007BB4C9 /* BaseNavigationController.swift */ = {isa = PBXFileReference; lastKnownFileType = sourcecode.swift; path = BaseNavigationController.swift; sourceTree = "<group>"; };
		08F5494F265CC343007BB4C9 /* TableCellViewModel.swift */ = {isa = PBXFileReference; lastKnownFileType = sourcecode.swift; path = TableCellViewModel.swift; sourceTree = "<group>"; };
		08F54956265CC9A5007BB4C9 /* CollectionCellViewModel.swift */ = {isa = PBXFileReference; lastKnownFileType = sourcecode.swift; path = CollectionCellViewModel.swift; sourceTree = "<group>"; };
		08F54964265CDA01007BB4C9 /* PlayerViewController.swift */ = {isa = PBXFileReference; lastKnownFileType = sourcecode.swift; path = PlayerViewController.swift; sourceTree = "<group>"; };
		08F5496E265CDA2F007BB4C9 /* PlayerModel.swift */ = {isa = PBXFileReference; lastKnownFileType = sourcecode.swift; path = PlayerModel.swift; sourceTree = "<group>"; };
		08F54975265CDA3F007BB4C9 /* PlayerViewModel.swift */ = {isa = PBXFileReference; lastKnownFileType = sourcecode.swift; path = PlayerViewModel.swift; sourceTree = "<group>"; };
/* End PBXFileReference section */

/* Begin PBXFrameworksBuildPhase section */
		08F548B3265CBA3F007BB4C9 /* Frameworks */ = {
			isa = PBXFrameworksBuildPhase;
			buildActionMask = 2147483647;
			files = (
			);
			runOnlyForDeploymentPostprocessing = 0;
		};
		08F548C9265CBA48007BB4C9 /* Frameworks */ = {
			isa = PBXFrameworksBuildPhase;
			buildActionMask = 2147483647;
			files = (
			);
			runOnlyForDeploymentPostprocessing = 0;
		};
		08F548D4265CBA48007BB4C9 /* Frameworks */ = {
			isa = PBXFrameworksBuildPhase;
			buildActionMask = 2147483647;
			files = (
			);
			runOnlyForDeploymentPostprocessing = 0;
		};
/* End PBXFrameworksBuildPhase section */

/* Begin PBXGroup section */
		08F548AD265CBA3F007BB4C9 = {
			isa = PBXGroup;
			children = (
				08F548B8265CBA3F007BB4C9 /* VideoApp-MVVM */,
				08F548CF265CBA48007BB4C9 /* VideoApp-MVVMTests */,
				08F548DA265CBA48007BB4C9 /* VideoApp-MVVMUITests */,
				08F548B7265CBA3F007BB4C9 /* Products */,
			);
			sourceTree = "<group>";
		};
		08F548B7265CBA3F007BB4C9 /* Products */ = {
			isa = PBXGroup;
			children = (
				08F548B6265CBA3F007BB4C9 /* VideoApp-MVVM.app */,
				08F548CC265CBA48007BB4C9 /* VideoApp-MVVMTests.xctest */,
				08F548D7265CBA48007BB4C9 /* VideoApp-MVVMUITests.xctest */,
			);
			name = Products;
			sourceTree = "<group>";
		};
		08F548B8265CBA3F007BB4C9 /* VideoApp-MVVM */ = {
			isa = PBXGroup;
			children = (
				08F54960265CD8D6007BB4C9 /* Video Player */,
				08F548F4265CBBE9007BB4C9 /* Home */,
				08F548EC265CBB7F007BB4C9 /* Supporting Files */,
			);
			path = "VideoApp-MVVM";
			sourceTree = "<group>";
		};
		08F548CF265CBA48007BB4C9 /* VideoApp-MVVMTests */ = {
			isa = PBXGroup;
			children = (
				08F548D0265CBA48007BB4C9 /* VideoApp_MVVMTests.swift */,
				08F548D2265CBA48007BB4C9 /* Info.plist */,
			);
			path = "VideoApp-MVVMTests";
			sourceTree = "<group>";
		};
		08F548DA265CBA48007BB4C9 /* VideoApp-MVVMUITests */ = {
			isa = PBXGroup;
			children = (
				08F548DB265CBA48007BB4C9 /* VideoApp_MVVMUITests.swift */,
				08F548DD265CBA48007BB4C9 /* Info.plist */,
			);
			path = "VideoApp-MVVMUITests";
			sourceTree = "<group>";
		};
		08F548EC265CBB7F007BB4C9 /* Supporting Files */ = {
			isa = PBXGroup;
			children = (
				08F548B9265CBA40007BB4C9 /* AppDelegate.swift */,
				08F548BF265CBA40007BB4C9 /* Main.storyboard */,
				08F548BB265CBA40007BB4C9 /* SceneDelegate.swift */,
				08F548C2265CBA47007BB4C9 /* Assets.xcassets */,
				08F548C4265CBA47007BB4C9 /* LaunchScreen.storyboard */,
				08F548C7265CBA47007BB4C9 /* Info.plist */,
				08F548F7265CBC2D007BB4C9 /* assignment.json */,
			);
			path = "Supporting Files";
			sourceTree = "<group>";
		};
		08F548F3265CBBCE007BB4C9 /* Model */ = {
			isa = PBXGroup;
			children = (
				08F54901265CBD1C007BB4C9 /* HomeDataModels.swift */,
			);
			path = Model;
			sourceTree = "<group>";
		};
		08F548F4265CBBE9007BB4C9 /* Home */ = {
			isa = PBXGroup;
			children = (
				08F548F3265CBBCE007BB4C9 /* Model */,
				08F548F5265CBBF6007BB4C9 /* View */,
				08F548F6265CBBFD007BB4C9 /* ViewModel */,
			);
			path = Home;
			sourceTree = "<group>";
		};
		08F548F5265CBBF6007BB4C9 /* View */ = {
			isa = PBXGroup;
			children = (
				08F548BD265CBA40007BB4C9 /* HomeViewController.swift */,
				08F54945265CC0CA007BB4C9 /* BaseNavigationController.swift */,
				08F5493E265CC08F007BB4C9 /* VideoImageView.swift */,
				081293B3265E04E600246008 /* SimpleOver.swift */,
				08F54928265CBEEE007BB4C9 /* CategoryTableViewCell.swift */,
				08F54929265CBEEE007BB4C9 /* CategoryTableViewCell.xib */,
				08F54933265CC056007BB4C9 /* VideoCollectionViewCell.swift */,
				08F54934265CC056007BB4C9 /* VideoCollectionViewCell.xib */,
			);
			path = View;
			sourceTree = "<group>";
		};
		08F548F6265CBBFD007BB4C9 /* ViewModel */ = {
			isa = PBXGroup;
			children = (
				08F5490B265CBDB7007BB4C9 /* HomeViewModel.swift */,
				08F5494F265CC343007BB4C9 /* TableCellViewModel.swift */,
				08F54956265CC9A5007BB4C9 /* CollectionCellViewModel.swift */,
			);
			path = ViewModel;
			sourceTree = "<group>";
		};
		08F54960265CD8D6007BB4C9 /* Video Player */ = {
			isa = PBXGroup;
			children = (
				08F54961265CD9A4007BB4C9 /* Model */,
				08F54962265CD9AC007BB4C9 /* View */,
				08F54963265CD9BF007BB4C9 /* ViewModel */,
			);
			path = "Video Player";
			sourceTree = "<group>";
		};
		08F54961265CD9A4007BB4C9 /* Model */ = {
			isa = PBXGroup;
			children = (
				08F5496E265CDA2F007BB4C9 /* PlayerModel.swift */,
			);
			path = Model;
			sourceTree = "<group>";
		};
		08F54962265CD9AC007BB4C9 /* View */ = {
			isa = PBXGroup;
			children = (
				08F54964265CDA01007BB4C9 /* PlayerViewController.swift */,
			);
			path = View;
			sourceTree = "<group>";
		};
		08F54963265CD9BF007BB4C9 /* ViewModel */ = {
			isa = PBXGroup;
			children = (
				08F54975265CDA3F007BB4C9 /* PlayerViewModel.swift */,
			);
			path = ViewModel;
			sourceTree = "<group>";
		};
/* End PBXGroup section */

/* Begin PBXNativeTarget section */
		08F548B5265CBA3F007BB4C9 /* VideoApp-MVVM */ = {
			isa = PBXNativeTarget;
			buildConfigurationList = 08F548E0265CBA48007BB4C9 /* Build configuration list for PBXNativeTarget "VideoApp-MVVM" */;
			buildPhases = (
				08F548B2265CBA3F007BB4C9 /* Sources */,
				08F548B3265CBA3F007BB4C9 /* Frameworks */,
				08F548B4265CBA3F007BB4C9 /* Resources */,
			);
			buildRules = (
			);
			dependencies = (
			);
			name = "VideoApp-MVVM";
			productName = "VideoApp-MVVM";
			productReference = 08F548B6265CBA3F007BB4C9 /* VideoApp-MVVM.app */;
			productType = "com.apple.product-type.application";
		};
		08F548CB265CBA48007BB4C9 /* VideoApp-MVVMTests */ = {
			isa = PBXNativeTarget;
			buildConfigurationList = 08F548E3265CBA48007BB4C9 /* Build configuration list for PBXNativeTarget "VideoApp-MVVMTests" */;
			buildPhases = (
				08F548C8265CBA48007BB4C9 /* Sources */,
				08F548C9265CBA48007BB4C9 /* Frameworks */,
				08F548CA265CBA48007BB4C9 /* Resources */,
			);
			buildRules = (
			);
			dependencies = (
				08F548CE265CBA48007BB4C9 /* PBXTargetDependency */,
			);
			name = "VideoApp-MVVMTests";
			productName = "VideoApp-MVVMTests";
			productReference = 08F548CC265CBA48007BB4C9 /* VideoApp-MVVMTests.xctest */;
			productType = "com.apple.product-type.bundle.unit-test";
		};
		08F548D6265CBA48007BB4C9 /* VideoApp-MVVMUITests */ = {
			isa = PBXNativeTarget;
			buildConfigurationList = 08F548E6265CBA48007BB4C9 /* Build configuration list for PBXNativeTarget "VideoApp-MVVMUITests" */;
			buildPhases = (
				08F548D3265CBA48007BB4C9 /* Sources */,
				08F548D4265CBA48007BB4C9 /* Frameworks */,
				08F548D5265CBA48007BB4C9 /* Resources */,
			);
			buildRules = (
			);
			dependencies = (
				08F548D9265CBA48007BB4C9 /* PBXTargetDependency */,
			);
			name = "VideoApp-MVVMUITests";
			productName = "VideoApp-MVVMUITests";
			productReference = 08F548D7265CBA48007BB4C9 /* VideoApp-MVVMUITests.xctest */;
			productType = "com.apple.product-type.bundle.ui-testing";
		};
/* End PBXNativeTarget section */

/* Begin PBXProject section */
		08F548AE265CBA3F007BB4C9 /* Project object */ = {
			isa = PBXProject;
			attributes = {
				LastSwiftUpdateCheck = 1240;
				LastUpgradeCheck = 1240;
				TargetAttributes = {
					08F548B5265CBA3F007BB4C9 = {
						CreatedOnToolsVersion = 12.4;
					};
					08F548CB265CBA48007BB4C9 = {
						CreatedOnToolsVersion = 12.4;
						TestTargetID = 08F548B5265CBA3F007BB4C9;
					};
					08F548D6265CBA48007BB4C9 = {
						CreatedOnToolsVersion = 12.4;
						TestTargetID = 08F548B5265CBA3F007BB4C9;
					};
				};
			};
			buildConfigurationList = 08F548B1265CBA3F007BB4C9 /* Build configuration list for PBXProject "VideoApp-MVVM" */;
			compatibilityVersion = "Xcode 9.3";
			developmentRegion = en;
			hasScannedForEncodings = 0;
			knownRegions = (
				en,
				Base,
			);
			mainGroup = 08F548AD265CBA3F007BB4C9;
			productRefGroup = 08F548B7265CBA3F007BB4C9 /* Products */;
			projectDirPath = "";
			projectRoot = "";
			targets = (
				08F548B5265CBA3F007BB4C9 /* VideoApp-MVVM */,
				08F548CB265CBA48007BB4C9 /* VideoApp-MVVMTests */,
				08F548D6265CBA48007BB4C9 /* VideoApp-MVVMUITests */,
			);
		};
/* End PBXProject section */

/* Begin PBXResourcesBuildPhase section */
		08F548B4265CBA3F007BB4C9 /* Resources */ = {
			isa = PBXResourcesBuildPhase;
			buildActionMask = 2147483647;
			files = (
				08F54938265CC056007BB4C9 /* VideoCollectionViewCell.xib in Resources */,
				08F548F8265CBC2D007BB4C9 /* assignment.json in Resources */,
				08F5492D265CBEEE007BB4C9 /* CategoryTableViewCell.xib in Resources */,
				08F548C6265CBA47007BB4C9 /* LaunchScreen.storyboard in Resources */,
				08F548C3265CBA47007BB4C9 /* Assets.xcassets in Resources */,
				08F548C1265CBA40007BB4C9 /* Main.storyboard in Resources */,
			);
			runOnlyForDeploymentPostprocessing = 0;
		};
		08F548CA265CBA48007BB4C9 /* Resources */ = {
			isa = PBXResourcesBuildPhase;
			buildActionMask = 2147483647;
			files = (
				08F54939265CC056007BB4C9 /* VideoCollectionViewCell.xib in Resources */,
				08F548F9265CBC2D007BB4C9 /* assignment.json in Resources */,
				08F5492E265CBEEE007BB4C9 /* CategoryTableViewCell.xib in Resources */,
			);
			runOnlyForDeploymentPostprocessing = 0;
		};
		08F548D5265CBA48007BB4C9 /* Resources */ = {
			isa = PBXResourcesBuildPhase;
			buildActionMask = 2147483647;
			files = (
				08F5493A265CC056007BB4C9 /* VideoCollectionViewCell.xib in Resources */,
				08F548FA265CBC2D007BB4C9 /* assignment.json in Resources */,
				08F5492F265CBEEE007BB4C9 /* CategoryTableViewCell.xib in Resources */,
			);
			runOnlyForDeploymentPostprocessing = 0;
		};
/* End PBXResourcesBuildPhase section */

/* Begin PBXSourcesBuildPhase section */
		08F548B2265CBA3F007BB4C9 /* Sources */ = {
			isa = PBXSourcesBuildPhase;
			buildActionMask = 2147483647;
			files = (
				08F54935265CC056007BB4C9 /* VideoCollectionViewCell.swift in Sources */,
				081293B4265E04E600246008 /* SimpleOver.swift in Sources */,
				08F548BE265CBA40007BB4C9 /* HomeViewController.swift in Sources */,
				08F54902265CBD1C007BB4C9 /* HomeDataModels.swift in Sources */,
				08F5496F265CDA2F007BB4C9 /* PlayerModel.swift in Sources */,
				08F548BA265CBA40007BB4C9 /* AppDelegate.swift in Sources */,
				08F54976265CDA3F007BB4C9 /* PlayerViewModel.swift in Sources */,
				08F5493F265CC08F007BB4C9 /* VideoImageView.swift in Sources */,
				08F54965265CDA01007BB4C9 /* PlayerViewController.swift in Sources */,
				08F54946265CC0CA007BB4C9 /* BaseNavigationController.swift in Sources */,
				08F5490C265CBDB7007BB4C9 /* HomeViewModel.swift in Sources */,
				08F54957265CC9A5007BB4C9 /* CollectionCellViewModel.swift in Sources */,
				08F54950265CC343007BB4C9 /* TableCellViewModel.swift in Sources */,
				08F548BC265CBA40007BB4C9 /* SceneDelegate.swift in Sources */,
				08F5492A265CBEEE007BB4C9 /* CategoryTableViewCell.swift in Sources */,
			);
			runOnlyForDeploymentPostprocessing = 0;
		};
		08F548C8265CBA48007BB4C9 /* Sources */ = {
			isa = PBXSourcesBuildPhase;
			buildActionMask = 2147483647;
			files = (
				08F548D1265CBA48007BB4C9 /* VideoApp_MVVMTests.swift in Sources */,
				08F54970265CDA2F007BB4C9 /* PlayerModel.swift in Sources */,
				081293B5265E04E600246008 /* SimpleOver.swift in Sources */,
				08F54947265CC0CA007BB4C9 /* BaseNavigationController.swift in Sources */,
				08F54958265CC9A5007BB4C9 /* CollectionCellViewModel.swift in Sources */,
				08F5490D265CBDB7007BB4C9 /* HomeViewModel.swift in Sources */,
				08F54903265CBD1C007BB4C9 /* HomeDataModels.swift in Sources */,
				08F54936265CC056007BB4C9 /* VideoCollectionViewCell.swift in Sources */,
				08F54940265CC08F007BB4C9 /* VideoImageView.swift in Sources */,
				08F5492B265CBEEE007BB4C9 /* CategoryTableViewCell.swift in Sources */,
				08F54977265CDA3F007BB4C9 /* PlayerViewModel.swift in Sources */,
				08F54951265CC343007BB4C9 /* TableCellViewModel.swift in Sources */,
				08F54966265CDA01007BB4C9 /* PlayerViewController.swift in Sources */,
			);
			runOnlyForDeploymentPostprocessing = 0;
		};
		08F548D3265CBA48007BB4C9 /* Sources */ = {
			isa = PBXSourcesBuildPhase;
			buildActionMask = 2147483647;
			files = (
				08F548DC265CBA48007BB4C9 /* VideoApp_MVVMUITests.swift in Sources */,
				08F54971265CDA2F007BB4C9 /* PlayerModel.swift in Sources */,
				081293B6265E04E600246008 /* SimpleOver.swift in Sources */,
				08F54948265CC0CA007BB4C9 /* BaseNavigationController.swift in Sources */,
				08F54959265CC9A5007BB4C9 /* CollectionCellViewModel.swift in Sources */,
				08F5490E265CBDB7007BB4C9 /* HomeViewModel.swift in Sources */,
				08F54904265CBD1C007BB4C9 /* HomeDataModels.swift in Sources */,
				08F54937265CC056007BB4C9 /* VideoCollectionViewCell.swift in Sources */,
				08F54941265CC08F007BB4C9 /* VideoImageView.swift in Sources */,
				08F5492C265CBEEE007BB4C9 /* CategoryTableViewCell.swift in Sources */,
				08F54978265CDA3F007BB4C9 /* PlayerViewModel.swift in Sources */,
				08F54952265CC343007BB4C9 /* TableCellViewModel.swift in Sources */,
				08F54967265CDA01007BB4C9 /* PlayerViewController.swift in Sources */,
			);
			runOnlyForDeploymentPostprocessing = 0;
		};
/* End PBXSourcesBuildPhase section */

/* Begin PBXTargetDependency section */
		08F548CE265CBA48007BB4C9 /* PBXTargetDependency */ = {
			isa = PBXTargetDependency;
			target = 08F548B5265CBA3F007BB4C9 /* VideoApp-MVVM */;
			targetProxy = 08F548CD265CBA48007BB4C9 /* PBXContainerItemProxy */;
		};
		08F548D9265CBA48007BB4C9 /* PBXTargetDependency */ = {
			isa = PBXTargetDependency;
			target = 08F548B5265CBA3F007BB4C9 /* VideoApp-MVVM */;
			targetProxy = 08F548D8265CBA48007BB4C9 /* PBXContainerItemProxy */;
		};
/* End PBXTargetDependency section */

/* Begin PBXVariantGroup section */
		08F548BF265CBA40007BB4C9 /* Main.storyboard */ = {
			isa = PBXVariantGroup;
			children = (
				08F548C0265CBA40007BB4C9 /* Base */,
			);
			name = Main.storyboard;
			sourceTree = "<group>";
		};
		08F548C4265CBA47007BB4C9 /* LaunchScreen.storyboard */ = {
			isa = PBXVariantGroup;
			children = (
				08F548C5265CBA47007BB4C9 /* Base */,
			);
			name = LaunchScreen.storyboard;
			sourceTree = "<group>";
		};
/* End PBXVariantGroup section */

/* Begin XCBuildConfiguration section */
		08F548DE265CBA48007BB4C9 /* Debug */ = {
			isa = XCBuildConfiguration;
			buildSettings = {
				ALWAYS_SEARCH_USER_PATHS = NO;
				CLANG_ANALYZER_NONNULL = YES;
				CLANG_ANALYZER_NUMBER_OBJECT_CONVERSION = YES_AGGRESSIVE;
				CLANG_CXX_LANGUAGE_STANDARD = "gnu++14";
				CLANG_CXX_LIBRARY = "libc++";
				CLANG_ENABLE_MODULES = YES;
				CLANG_ENABLE_OBJC_ARC = YES;
				CLANG_ENABLE_OBJC_WEAK = YES;
				CLANG_WARN_BLOCK_CAPTURE_AUTORELEASING = YES;
				CLANG_WARN_BOOL_CONVERSION = YES;
				CLANG_WARN_COMMA = YES;
				CLANG_WARN_CONSTANT_CONVERSION = YES;
				CLANG_WARN_DEPRECATED_OBJC_IMPLEMENTATIONS = YES;
				CLANG_WARN_DIRECT_OBJC_ISA_USAGE = YES_ERROR;
				CLANG_WARN_DOCUMENTATION_COMMENTS = YES;
				CLANG_WARN_EMPTY_BODY = YES;
				CLANG_WARN_ENUM_CONVERSION = YES;
				CLANG_WARN_INFINITE_RECURSION = YES;
				CLANG_WARN_INT_CONVERSION = YES;
				CLANG_WARN_NON_LITERAL_NULL_CONVERSION = YES;
				CLANG_WARN_OBJC_IMPLICIT_RETAIN_SELF = YES;
				CLANG_WARN_OBJC_LITERAL_CONVERSION = YES;
				CLANG_WARN_OBJC_ROOT_CLASS = YES_ERROR;
				CLANG_WARN_QUOTED_INCLUDE_IN_FRAMEWORK_HEADER = YES;
				CLANG_WARN_RANGE_LOOP_ANALYSIS = YES;
				CLANG_WARN_STRICT_PROTOTYPES = YES;
				CLANG_WARN_SUSPICIOUS_MOVE = YES;
				CLANG_WARN_UNGUARDED_AVAILABILITY = YES_AGGRESSIVE;
				CLANG_WARN_UNREACHABLE_CODE = YES;
				CLANG_WARN__DUPLICATE_METHOD_MATCH = YES;
				COPY_PHASE_STRIP = NO;
				DEBUG_INFORMATION_FORMAT = dwarf;
				ENABLE_STRICT_OBJC_MSGSEND = YES;
				ENABLE_TESTABILITY = YES;
				GCC_C_LANGUAGE_STANDARD = gnu11;
				GCC_DYNAMIC_NO_PIC = NO;
				GCC_NO_COMMON_BLOCKS = YES;
				GCC_OPTIMIZATION_LEVEL = 0;
				GCC_PREPROCESSOR_DEFINITIONS = (
					"DEBUG=1",
					"$(inherited)",
				);
				GCC_WARN_64_TO_32_BIT_CONVERSION = YES;
				GCC_WARN_ABOUT_RETURN_TYPE = YES_ERROR;
				GCC_WARN_UNDECLARED_SELECTOR = YES;
				GCC_WARN_UNINITIALIZED_AUTOS = YES_AGGRESSIVE;
				GCC_WARN_UNUSED_FUNCTION = YES;
				GCC_WARN_UNUSED_VARIABLE = YES;
				IPHONEOS_DEPLOYMENT_TARGET = 14.4;
				MTL_ENABLE_DEBUG_INFO = INCLUDE_SOURCE;
				MTL_FAST_MATH = YES;
				ONLY_ACTIVE_ARCH = YES;
				SDKROOT = iphoneos;
				SWIFT_ACTIVE_COMPILATION_CONDITIONS = DEBUG;
				SWIFT_OPTIMIZATION_LEVEL = "-Onone";
			};
			name = Debug;
		};
		08F548DF265CBA48007BB4C9 /* Release */ = {
			isa = XCBuildConfiguration;
			buildSettings = {
				ALWAYS_SEARCH_USER_PATHS = NO;
				CLANG_ANALYZER_NONNULL = YES;
				CLANG_ANALYZER_NUMBER_OBJECT_CONVERSION = YES_AGGRESSIVE;
				CLANG_CXX_LANGUAGE_STANDARD = "gnu++14";
				CLANG_CXX_LIBRARY = "libc++";
				CLANG_ENABLE_MODULES = YES;
				CLANG_ENABLE_OBJC_ARC = YES;
				CLANG_ENABLE_OBJC_WEAK = YES;
				CLANG_WARN_BLOCK_CAPTURE_AUTORELEASING = YES;
				CLANG_WARN_BOOL_CONVERSION = YES;
				CLANG_WARN_COMMA = YES;
				CLANG_WARN_CONSTANT_CONVERSION = YES;
				CLANG_WARN_DEPRECATED_OBJC_IMPLEMENTATIONS = YES;
				CLANG_WARN_DIRECT_OBJC_ISA_USAGE = YES_ERROR;
				CLANG_WARN_DOCUMENTATION_COMMENTS = YES;
				CLANG_WARN_EMPTY_BODY = YES;
				CLANG_WARN_ENUM_CONVERSION = YES;
				CLANG_WARN_INFINITE_RECURSION = YES;
				CLANG_WARN_INT_CONVERSION = YES;
				CLANG_WARN_NON_LITERAL_NULL_CONVERSION = YES;
				CLANG_WARN_OBJC_IMPLICIT_RETAIN_SELF = YES;
				CLANG_WARN_OBJC_LITERAL_CONVERSION = YES;
				CLANG_WARN_OBJC_ROOT_CLASS = YES_ERROR;
				CLANG_WARN_QUOTED_INCLUDE_IN_FRAMEWORK_HEADER = YES;
				CLANG_WARN_RANGE_LOOP_ANALYSIS = YES;
				CLANG_WARN_STRICT_PROTOTYPES = YES;
				CLANG_WARN_SUSPICIOUS_MOVE = YES;
				CLANG_WARN_UNGUARDED_AVAILABILITY = YES_AGGRESSIVE;
				CLANG_WARN_UNREACHABLE_CODE = YES;
				CLANG_WARN__DUPLICATE_METHOD_MATCH = YES;
				COPY_PHASE_STRIP = NO;
				DEBUG_INFORMATION_FORMAT = "dwarf-with-dsym";
				ENABLE_NS_ASSERTIONS = NO;
				ENABLE_STRICT_OBJC_MSGSEND = YES;
				GCC_C_LANGUAGE_STANDARD = gnu11;
				GCC_NO_COMMON_BLOCKS = YES;
				GCC_WARN_64_TO_32_BIT_CONVERSION = YES;
				GCC_WARN_ABOUT_RETURN_TYPE = YES_ERROR;
				GCC_WARN_UNDECLARED_SELECTOR = YES;
				GCC_WARN_UNINITIALIZED_AUTOS = YES_AGGRESSIVE;
				GCC_WARN_UNUSED_FUNCTION = YES;
				GCC_WARN_UNUSED_VARIABLE = YES;
				IPHONEOS_DEPLOYMENT_TARGET = 14.4;
				MTL_ENABLE_DEBUG_INFO = NO;
				MTL_FAST_MATH = YES;
				SDKROOT = iphoneos;
				SWIFT_COMPILATION_MODE = wholemodule;
				SWIFT_OPTIMIZATION_LEVEL = "-O";
				VALIDATE_PRODUCT = YES;
			};
			name = Release;
		};
		08F548E1265CBA48007BB4C9 /* Debug */ = {
			isa = XCBuildConfiguration;
			buildSettings = {
				ASSETCATALOG_COMPILER_APPICON_NAME = AppIcon;
				ASSETCATALOG_COMPILER_GLOBAL_ACCENT_COLOR_NAME = AccentColor;
				CODE_SIGN_STYLE = Automatic;
				DEVELOPMENT_TEAM = 9H39RMB9UU;
				INFOPLIST_FILE = "$(SRCROOT)/VideoApp-MVVM/Supporting Files/Info.plist";
				LD_RUNPATH_SEARCH_PATHS = (
					"$(inherited)",
					"@executable_path/Frameworks",
				);
				PRODUCT_BUNDLE_IDENTIFIER = "video.mvvm.architecture.VideoApp-MVVM";
				PRODUCT_NAME = "$(TARGET_NAME)";
				SWIFT_VERSION = 5.0;
				TARGETED_DEVICE_FAMILY = "1,2";
			};
			name = Debug;
		};
		08F548E2265CBA48007BB4C9 /* Release */ = {
			isa = XCBuildConfiguration;
			buildSettings = {
				ASSETCATALOG_COMPILER_APPICON_NAME = AppIcon;
				ASSETCATALOG_COMPILER_GLOBAL_ACCENT_COLOR_NAME = AccentColor;
				CODE_SIGN_STYLE = Automatic;
				DEVELOPMENT_TEAM = 9H39RMB9UU;
				INFOPLIST_FILE = "$(SRCROOT)/VideoApp-MVVM/Supporting Files/Info.plist";
				LD_RUNPATH_SEARCH_PATHS = (
					"$(inherited)",
					"@executable_path/Frameworks",
				);
				PRODUCT_BUNDLE_IDENTIFIER = "video.mvvm.architecture.VideoApp-MVVM";
				PRODUCT_NAME = "$(TARGET_NAME)";
				SWIFT_VERSION = 5.0;
				TARGETED_DEVICE_FAMILY = "1,2";
			};
			name = Release;
		};
		08F548E4265CBA48007BB4C9 /* Debug */ = {
			isa = XCBuildConfiguration;
			buildSettings = {
				ALWAYS_EMBED_SWIFT_STANDARD_LIBRARIES = YES;
				BUNDLE_LOADER = "$(TEST_HOST)";
				CODE_SIGN_STYLE = Automatic;
				DEVELOPMENT_TEAM = 9H39RMB9UU;
				INFOPLIST_FILE = "VideoApp-MVVMTests/Info.plist";
				IPHONEOS_DEPLOYMENT_TARGET = 14.4;
				LD_RUNPATH_SEARCH_PATHS = (
					"$(inherited)",
					"@executable_path/Frameworks",
					"@loader_path/Frameworks",
				);
				PRODUCT_BUNDLE_IDENTIFIER = "video.mvvm.architecture.VideoApp-MVVMTests";
				PRODUCT_NAME = "$(TARGET_NAME)";
				SWIFT_VERSION = 5.0;
				TARGETED_DEVICE_FAMILY = "1,2";
				TEST_HOST = "$(BUILT_PRODUCTS_DIR)/VideoApp-MVVM.app/VideoApp-MVVM";
			};
			name = Debug;
		};
		08F548E5265CBA48007BB4C9 /* Release */ = {
			isa = XCBuildConfiguration;
			buildSettings = {
				ALWAYS_EMBED_SWIFT_STANDARD_LIBRARIES = YES;
				BUNDLE_LOADER = "$(TEST_HOST)";
				CODE_SIGN_STYLE = Automatic;
				DEVELOPMENT_TEAM = 9H39RMB9UU;
				INFOPLIST_FILE = "VideoApp-MVVMTests/Info.plist";
				IPHONEOS_DEPLOYMENT_TARGET = 14.4;
				LD_RUNPATH_SEARCH_PATHS = (
					"$(inherited)",
					"@executable_path/Frameworks",
					"@loader_path/Frameworks",
				);
				PRODUCT_BUNDLE_IDENTIFIER = "video.mvvm.architecture.VideoApp-MVVMTests";
				PRODUCT_NAME = "$(TARGET_NAME)";
				SWIFT_VERSION = 5.0;
				TARGETED_DEVICE_FAMILY = "1,2";
				TEST_HOST = "$(BUILT_PRODUCTS_DIR)/VideoApp-MVVM.app/VideoApp-MVVM";
			};
			name = Release;
		};
		08F548E7265CBA48007BB4C9 /* Debug */ = {
			isa = XCBuildConfiguration;
			buildSettings = {
				ALWAYS_EMBED_SWIFT_STANDARD_LIBRARIES = YES;
				CODE_SIGN_STYLE = Automatic;
				DEVELOPMENT_TEAM = 9H39RMB9UU;
				INFOPLIST_FILE = "VideoApp-MVVMUITests/Info.plist";
				LD_RUNPATH_SEARCH_PATHS = (
					"$(inherited)",
					"@executable_path/Frameworks",
					"@loader_path/Frameworks",
				);
				PRODUCT_BUNDLE_IDENTIFIER = "video.mvvm.architecture.VideoApp-MVVMUITests";
				PRODUCT_NAME = "$(TARGET_NAME)";
				SWIFT_VERSION = 5.0;
				TARGETED_DEVICE_FAMILY = "1,2";
				TEST_TARGET_NAME = "VideoApp-MVVM";
			};
			name = Debug;
		};
		08F548E8265CBA48007BB4C9 /* Release */ = {
			isa = XCBuildConfiguration;
			buildSettings = {
				ALWAYS_EMBED_SWIFT_STANDARD_LIBRARIES = YES;
				CODE_SIGN_STYLE = Automatic;
				DEVELOPMENT_TEAM = 9H39RMB9UU;
				INFOPLIST_FILE = "VideoApp-MVVMUITests/Info.plist";
				LD_RUNPATH_SEARCH_PATHS = (
					"$(inherited)",
					"@executable_path/Frameworks",
					"@loader_path/Frameworks",
				);
				PRODUCT_BUNDLE_IDENTIFIER = "video.mvvm.architecture.VideoApp-MVVMUITests";
				PRODUCT_NAME = "$(TARGET_NAME)";
				SWIFT_VERSION = 5.0;
				TARGETED_DEVICE_FAMILY = "1,2";
				TEST_TARGET_NAME = "VideoApp-MVVM";
			};
			name = Release;
		};
/* End XCBuildConfiguration section */

/* Begin XCConfigurationList section */
		08F548B1265CBA3F007BB4C9 /* Build configuration list for PBXProject "VideoApp-MVVM" */ = {
			isa = XCConfigurationList;
			buildConfigurations = (
				08F548DE265CBA48007BB4C9 /* Debug */,
				08F548DF265CBA48007BB4C9 /* Release */,
			);
			defaultConfigurationIsVisible = 0;
			defaultConfigurationName = Release;
		};
		08F548E0265CBA48007BB4C9 /* Build configuration list for PBXNativeTarget "VideoApp-MVVM" */ = {
			isa = XCConfigurationList;
			buildConfigurations = (
				08F548E1265CBA48007BB4C9 /* Debug */,
				08F548E2265CBA48007BB4C9 /* Release */,
			);
			defaultConfigurationIsVisible = 0;
			defaultConfigurationName = Release;
		};
		08F548E3265CBA48007BB4C9 /* Build configuration list for PBXNativeTarget "VideoApp-MVVMTests" */ = {
			isa = XCConfigurationList;
			buildConfigurations = (
				08F548E4265CBA48007BB4C9 /* Debug */,
				08F548E5265CBA48007BB4C9 /* Release */,
			);
			defaultConfigurationIsVisible = 0;
			defaultConfigurationName = Release;
		};
		08F548E6265CBA48007BB4C9 /* Build configuration list for PBXNativeTarget "VideoApp-MVVMUITests" */ = {
			isa = XCConfigurationList;
			buildConfigurations = (
				08F548E7265CBA48007BB4C9 /* Debug */,
				08F548E8265CBA48007BB4C9 /* Release */,
			);
			defaultConfigurationIsVisible = 0;
			defaultConfigurationName = Release;
		};
/* End XCConfigurationList section */
	};
	rootObject = 08F548AE265CBA3F007BB4C9 /* Project object */;
}
